
Microsoft Visual Studio Solution File, Format Version 12.00
# Visual Studio Version 16
VisualStudioVersion = 16.0.29519.181
MinimumVisualStudioVersion = 10.0.40219.1
Project("{9A19103F-16F7-4668-BE54-9A1E7A4F7556}") = "TesteAcesso.API", "TesteAcesso.API\TesteAcesso.API.csproj", "{79C57BA0-61D3-43A2-A730-8F3520DD7CF2}"
EndProject
Project("{FAE04EC0-301F-11D3-BF4B-00C04F79EFBC}") = "TesteAcesso.Model", "TesteAcesso.Model\TesteAcesso.Model.csproj", "{A6CBF57E-F84A-4908-9AC3-88BD6471EAFC}"
EndProject
Project("{FAE04EC0-301F-11D3-BF4B-00C04F79EFBC}") = "TesteAcesso.Handler", "TesteAcesso.Handler\TesteAcesso.Handler.csproj", "{EF25C309-E56F-476F-93C1-88EDF63F339B}"
EndProject
Project("{FAE04EC0-301F-11D3-BF4B-00C04F79EFBC}") = "TesteAcesso.Repository", "TesteAcesso.Repository\TesteAcesso.Repository.csproj", "{3C36A5F4-AACE-45B6-A154-988C6E544774}"
EndProject
Project("{FAE04EC0-301F-11D3-BF4B-00C04F79EFBC}") = "TesteAcesso.HttpService", "TesteAcesso.HttpService\TesteAcesso.HttpService.csproj", "{EEC8956D-89B6-4BDE-A539-6762AE13600D}"
EndProject
Global
	GlobalSection(SolutionConfigurationPlatforms) = preSolution
		Debug|Any CPU = Debug|Any CPU
		Release|Any CPU = Release|Any CPU
	EndGlobalSection
	GlobalSection(ProjectConfigurationPlatforms) = postSolution
		{79C57BA0-61D3-43A2-A730-8F3520DD7CF2}.Debug|Any CPU.ActiveCfg = Debug|Any CPU
		{79C57BA0-61D3-43A2-A730-8F3520DD7CF2}.Debug|Any CPU.Build.0 = Debug|Any CPU
		{79C57BA0-61D3-43A2-A730-8F3520DD7CF2}.Release|Any CPU.ActiveCfg = Release|Any CPU
		{79C57BA0-61D3-43A2-A730-8F3520DD7CF2}.Release|Any CPU.Build.0 = Release|Any CPU
		{A6CBF57E-F84A-4908-9AC3-88BD6471EAFC}.Debug|Any CPU.ActiveCfg = Debug|Any CPU
		{A6CBF57E-F84A-4908-9AC3-88BD6471EAFC}.Debug|Any CPU.Build.0 = Debug|Any CPU
		{A6CBF57E-F84A-4908-9AC3-88BD6471EAFC}.Release|Any CPU.ActiveCfg = Release|Any CPU
		{A6CBF57E-F84A-4908-9AC3-88BD6471EAFC}.Release|Any CPU.Build.0 = Release|Any CPU
		{EF25C309-E56F-476F-93C1-88EDF63F339B}.Debug|Any CPU.ActiveCfg = Debug|Any CPU
		{EF25C309-E56F-476F-93C1-88EDF63F339B}.Debug|Any CPU.Build.0 = Debug|Any CPU
		{EF25C309-E56F-476F-93C1-88EDF63F339B}.Release|Any CPU.ActiveCfg = Release|Any CPU
		{EF25C309-E56F-476F-93C1-88EDF63F339B}.Release|Any CPU.Build.0 = Release|Any CPU
		{3C36A5F4-AACE-45B6-A154-988C6E544774}.Debug|Any CPU.ActiveCfg = Debug|Any CPU
		{3C36A5F4-AACE-45B6-A154-988C6E544774}.Debug|Any CPU.Build.0 = Debug|Any CPU
		{3C36A5F4-AACE-45B6-A154-988C6E544774}.Release|Any CPU.ActiveCfg = Release|Any CPU
		{3C36A5F4-AACE-45B6-A154-988C6E544774}.Release|Any CPU.Build.0 = Release|Any CPU
		{EEC8956D-89B6-4BDE-A539-6762AE13600D}.Debug|Any CPU.ActiveCfg = Debug|Any CPU
		{EEC8956D-89B6-4BDE-A539-6762AE13600D}.Debug|Any CPU.Build.0 = Debug|Any CPU
		{EEC8956D-89B6-4BDE-A539-6762AE13600D}.Release|Any CPU.ActiveCfg = Release|Any CPU
		{EEC8956D-89B6-4BDE-A539-6762AE13600D}.Release|Any CPU.Build.0 = Release|Any CPU
	EndGlobalSection
	GlobalSection(SolutionProperties) = preSolution
		HideSolutionNode = FALSE
	EndGlobalSection
	GlobalSection(ExtensibilityGlobals) = postSolution
		SolutionGuid = {FFC3EDB9-CBC3-48AF-BD87-763970AD6C3A}
	EndGlobalSection
EndGlobal
